// !$*UTF8*$!
{
	archiveVersion = 1;
	classes = {
	};
	objectVersion = 56;
	objects = {

/* Begin PBXBuildFile section */
		1D8B89C02A89C11600F11510 /* AppDelegate.swift in Sources */ = {isa = PBXBuildFile; fileRef = 1D8B89BF2A89C11600F11510 /* AppDelegate.swift */; };
		1D8B89C22A89C11600F11510 /* SceneDelegate.swift in Sources */ = {isa = PBXBuildFile; fileRef = 1D8B89C12A89C11600F11510 /* SceneDelegate.swift */; };
		1D8B89C42A89C11600F11510 /* ViewController.swift in Sources */ = {isa = PBXBuildFile; fileRef = 1D8B89C32A89C11600F11510 /* ViewController.swift */; };
		1D8B89C72A89C11600F11510 /* Main.storyboard in Resources */ = {isa = PBXBuildFile; fileRef = 1D8B89C52A89C11600F11510 /* Main.storyboard */; };
		1D8B89C92A89C11700F11510 /* Assets.xcassets in Resources */ = {isa = PBXBuildFile; fileRef = 1D8B89C82A89C11700F11510 /* Assets.xcassets */; };
		1D8B89CC2A89C11700F11510 /* LaunchScreen.storyboard in Resources */ = {isa = PBXBuildFile; fileRef = 1D8B89CA2A89C11700F11510 /* LaunchScreen.storyboard */; };
		1D8B89D42A89C3AC00F11510 /* Home.storyboard in Resources */ = {isa = PBXBuildFile; fileRef = 1D8B89D32A89C3AC00F11510 /* Home.storyboard */; };
		1D8B89D62A89C3C600F11510 /* AddPost.storyboard in Resources */ = {isa = PBXBuildFile; fileRef = 1D8B89D52A89C3C600F11510 /* AddPost.storyboard */; };
		1D8B89D82A89C3D900F11510 /* MyPage.storyboard in Resources */ = {isa = PBXBuildFile; fileRef = 1D8B89D72A89C3D900F11510 /* MyPage.storyboard */; };
		1D8B89DA2A89C3E800F11510 /* Search.storyboard in Resources */ = {isa = PBXBuildFile; fileRef = 1D8B89D92A89C3E800F11510 /* Search.storyboard */; };
		1D8B89DD2A89F09300F11510 /* MyPageViewController.swift in Sources */ = {isa = PBXBuildFile; fileRef = 1D8B89DC2A89F09300F11510 /* MyPageViewController.swift */; };
		4CB21B57A5269C2A4034B1B2 /* Pods_SNSproject.framework in Frameworks */ = {isa = PBXBuildFile; fileRef = 5AA139CA02643B2B94DCA273 /* Pods_SNSproject.framework */; };
		55D30D722A8A1B8200D84A82 /* AddPostViewController.swift in Sources */ = {isa = PBXBuildFile; fileRef = 55D30D712A8A1B8200D84A82 /* AddPostViewController.swift */; };
		55D30DA92A8CBEA500D84A82 /* TabBarController.swift in Sources */ = {isa = PBXBuildFile; fileRef = 55D30DA82A8CBEA500D84A82 /* TabBarController.swift */; };
		55D30DAC2A8CC0CC00D84A82 /* YPImagePicker in Frameworks */ = {isa = PBXBuildFile; productRef = 55D30DAB2A8CC0CC00D84A82 /* YPImagePicker */; };
/* End PBXBuildFile section */

/* Begin PBXFileReference section */
		1D8B89BC2A89C11600F11510 /* SNSproject.app */ = {isa = PBXFileReference; explicitFileType = wrapper.application; includeInIndex = 0; path = SNSproject.app; sourceTree = BUILT_PRODUCTS_DIR; };
		1D8B89BF2A89C11600F11510 /* AppDelegate.swift */ = {isa = PBXFileReference; lastKnownFileType = sourcecode.swift; path = AppDelegate.swift; sourceTree = "<group>"; };
		1D8B89C12A89C11600F11510 /* SceneDelegate.swift */ = {isa = PBXFileReference; lastKnownFileType = sourcecode.swift; path = SceneDelegate.swift; sourceTree = "<group>"; };
		1D8B89C32A89C11600F11510 /* ViewController.swift */ = {isa = PBXFileReference; lastKnownFileType = sourcecode.swift; path = ViewController.swift; sourceTree = "<group>"; };
		1D8B89C62A89C11600F11510 /* Base */ = {isa = PBXFileReference; lastKnownFileType = file.storyboard; name = Base; path = Base.lproj/Main.storyboard; sourceTree = "<group>"; };
		1D8B89C82A89C11700F11510 /* Assets.xcassets */ = {isa = PBXFileReference; lastKnownFileType = folder.assetcatalog; path = Assets.xcassets; sourceTree = "<group>"; };
		1D8B89CB2A89C11700F11510 /* Base */ = {isa = PBXFileReference; lastKnownFileType = file.storyboard; name = Base; path = Base.lproj/LaunchScreen.storyboard; sourceTree = "<group>"; };
		1D8B89CD2A89C11700F11510 /* Info.plist */ = {isa = PBXFileReference; lastKnownFileType = text.plist.xml; path = Info.plist; sourceTree = "<group>"; };
		1D8B89D32A89C3AC00F11510 /* Home.storyboard */ = {isa = PBXFileReference; lastKnownFileType = file.storyboard; path = Home.storyboard; sourceTree = "<group>"; };
		1D8B89D52A89C3C600F11510 /* AddPost.storyboard */ = {isa = PBXFileReference; lastKnownFileType = file.storyboard; path = AddPost.storyboard; sourceTree = "<group>"; };
		1D8B89D72A89C3D900F11510 /* MyPage.storyboard */ = {isa = PBXFileReference; lastKnownFileType = file.storyboard; path = MyPage.storyboard; sourceTree = "<group>"; };
		1D8B89D92A89C3E800F11510 /* Search.storyboard */ = {isa = PBXFileReference; lastKnownFileType = file.storyboard; path = Search.storyboard; sourceTree = "<group>"; };
		1D8B89DC2A89F09300F11510 /* MyPageViewController.swift */ = {isa = PBXFileReference; lastKnownFileType = sourcecode.swift; path = MyPageViewController.swift; sourceTree = "<group>"; };
		4839DFA8B6DA99DE77FE6195 /* Pods-SNSproject.debug.xcconfig */ = {isa = PBXFileReference; includeInIndex = 1; lastKnownFileType = text.xcconfig; name = "Pods-SNSproject.debug.xcconfig"; path = "Target Support Files/Pods-SNSproject/Pods-SNSproject.debug.xcconfig"; sourceTree = "<group>"; };
		55D30D712A8A1B8200D84A82 /* AddPostViewController.swift */ = {isa = PBXFileReference; lastKnownFileType = sourcecode.swift; path = AddPostViewController.swift; sourceTree = "<group>"; };
		55D30DA82A8CBEA500D84A82 /* TabBarController.swift */ = {isa = PBXFileReference; lastKnownFileType = sourcecode.swift; path = TabBarController.swift; sourceTree = "<group>"; };
		5AA139CA02643B2B94DCA273 /* Pods_SNSproject.framework */ = {isa = PBXFileReference; explicitFileType = wrapper.framework; includeInIndex = 0; path = Pods_SNSproject.framework; sourceTree = BUILT_PRODUCTS_DIR; };
		B103D12FF071643CD362B967 /* Pods-SNSproject.release.xcconfig */ = {isa = PBXFileReference; includeInIndex = 1; lastKnownFileType = text.xcconfig; name = "Pods-SNSproject.release.xcconfig"; path = "Target Support Files/Pods-SNSproject/Pods-SNSproject.release.xcconfig"; sourceTree = "<group>"; };
/* End PBXFileReference section */

/* Begin PBXFrameworksBuildPhase section */
		1D8B89B92A89C11600F11510 /* Frameworks */ = {
			isa = PBXFrameworksBuildPhase;
			buildActionMask = 2147483647;
			files = (
				4CB21B57A5269C2A4034B1B2 /* Pods_SNSproject.framework in Frameworks */,
				55D30DAC2A8CC0CC00D84A82 /* YPImagePicker in Frameworks */,
			);
			runOnlyForDeploymentPostprocessing = 0;
		};
/* End PBXFrameworksBuildPhase section */

/* Begin PBXGroup section */
		1D8B89B32A89C11600F11510 = {
			isa = PBXGroup;
			children = (
				1D8B89BE2A89C11600F11510 /* SNSproject */,
				1D8B89BD2A89C11600F11510 /* Products */,
				D125E8D40B27F7CFE6937665 /* Pods */,
				76153DE42D3EBA724BDA8FC5 /* Frameworks */,
			);
			sourceTree = "<group>";
		};
		1D8B89BD2A89C11600F11510 /* Products */ = {
			isa = PBXGroup;
			children = (
				1D8B89BC2A89C11600F11510 /* SNSproject.app */,
			);
			name = Products;
			sourceTree = "<group>";
		};
		1D8B89BE2A89C11600F11510 /* SNSproject */ = {
			isa = PBXGroup;
			children = (
				1D8B89C52A89C11600F11510 /* Main.storyboard */,
				55D30DA82A8CBEA500D84A82 /* TabBarController.swift */,
				1D8B89D32A89C3AC00F11510 /* Home.storyboard */,
				1D8B89D52A89C3C600F11510 /* AddPost.storyboard */,
				55D30D712A8A1B8200D84A82 /* AddPostViewController.swift */,
				1D8B89D72A89C3D900F11510 /* MyPage.storyboard */,
				1D8B89DC2A89F09300F11510 /* MyPageViewController.swift */,
				1D8B89D92A89C3E800F11510 /* Search.storyboard */,
				1D8B89BF2A89C11600F11510 /* AppDelegate.swift */,
				1D8B89C12A89C11600F11510 /* SceneDelegate.swift */,
				1D8B89C32A89C11600F11510 /* ViewController.swift */,
				1D8B89C82A89C11700F11510 /* Assets.xcassets */,
				1D8B89CA2A89C11700F11510 /* LaunchScreen.storyboard */,
				1D8B89CD2A89C11700F11510 /* Info.plist */,
			);
			path = SNSproject;
			sourceTree = "<group>";
		};
		76153DE42D3EBA724BDA8FC5 /* Frameworks */ = {
			isa = PBXGroup;
			children = (
				5AA139CA02643B2B94DCA273 /* Pods_SNSproject.framework */,
			);
			name = Frameworks;
			sourceTree = "<group>";
		};
		D125E8D40B27F7CFE6937665 /* Pods */ = {
			isa = PBXGroup;
			children = (
				4839DFA8B6DA99DE77FE6195 /* Pods-SNSproject.debug.xcconfig */,
				B103D12FF071643CD362B967 /* Pods-SNSproject.release.xcconfig */,
			);
			path = Pods;
			sourceTree = "<group>";
		};
/* End PBXGroup section */

/* Begin PBXNativeTarget section */
		1D8B89BB2A89C11600F11510 /* SNSproject */ = {
			isa = PBXNativeTarget;
			buildConfigurationList = 1D8B89D02A89C11700F11510 /* Build configuration list for PBXNativeTarget "SNSproject" */;
			buildPhases = (
				9213F49C61146008132AA592 /* [CP] Check Pods Manifest.lock */,
				1D8B89B82A89C11600F11510 /* Sources */,
				1D8B89B92A89C11600F11510 /* Frameworks */,
				1D8B89BA2A89C11600F11510 /* Resources */,
				4056503B96325B26D82713A6 /* [CP] Embed Pods Frameworks */,
			);
			buildRules = (
			);
			dependencies = (
			);
			name = SNSproject;
			packageProductDependencies = (
				55D30DAB2A8CC0CC00D84A82 /* YPImagePicker */,
			);
			productName = SNSproject;
			productReference = 1D8B89BC2A89C11600F11510 /* SNSproject.app */;
			productType = "com.apple.product-type.application";
		};
/* End PBXNativeTarget section */

/* Begin PBXProject section */
		1D8B89B42A89C11600F11510 /* Project object */ = {
			isa = PBXProject;
			attributes = {
				BuildIndependentTargetsInParallel = 1;
				LastSwiftUpdateCheck = 1430;
				LastUpgradeCheck = 1430;
				TargetAttributes = {
					1D8B89BB2A89C11600F11510 = {
						CreatedOnToolsVersion = 14.3.1;
					};
				};
			};
			buildConfigurationList = 1D8B89B72A89C11600F11510 /* Build configuration list for PBXProject "SNSproject" */;
			compatibilityVersion = "Xcode 14.0";
			developmentRegion = en;
			hasScannedForEncodings = 0;
			knownRegions = (
				en,
				Base,
			);
			mainGroup = 1D8B89B32A89C11600F11510;
			packageReferences = (
				55D30DAA2A8CC0CC00D84A82 /* XCRemoteSwiftPackageReference "YPImagePicker" */,
			);
			productRefGroup = 1D8B89BD2A89C11600F11510 /* Products */;
			projectDirPath = "";
			projectRoot = "";
			targets = (
				1D8B89BB2A89C11600F11510 /* SNSproject */,
			);
		};
/* End PBXProject section */

/* Begin PBXResourcesBuildPhase section */
		1D8B89BA2A89C11600F11510 /* Resources */ = {
			isa = PBXResourcesBuildPhase;
			buildActionMask = 2147483647;
			files = (
				1D8B89CC2A89C11700F11510 /* LaunchScreen.storyboard in Resources */,
				1D8B89D82A89C3D900F11510 /* MyPage.storyboard in Resources */,
				1D8B89C92A89C11700F11510 /* Assets.xcassets in Resources */,
				1D8B89D62A89C3C600F11510 /* AddPost.storyboard in Resources */,
				1D8B89C72A89C11600F11510 /* Main.storyboard in Resources */,
				1D8B89DA2A89C3E800F11510 /* Search.storyboard in Resources */,
				1D8B89D42A89C3AC00F11510 /* Home.storyboard in Resources */,
			);
			runOnlyForDeploymentPostprocessing = 0;
		};
/* End PBXResourcesBuildPhase section */

/* Begin PBXShellScriptBuildPhase section */
		4056503B96325B26D82713A6 /* [CP] Embed Pods Frameworks */ = {
			isa = PBXShellScriptBuildPhase;
			buildActionMask = 2147483647;
			files = (
			);
			inputFileListPaths = (
				"${PODS_ROOT}/Target Support Files/Pods-SNSproject/Pods-SNSproject-frameworks-${CONFIGURATION}-input-files.xcfilelist",
			);
			name = "[CP] Embed Pods Frameworks";
			outputFileListPaths = (
				"${PODS_ROOT}/Target Support Files/Pods-SNSproject/Pods-SNSproject-frameworks-${CONFIGURATION}-output-files.xcfilelist",
			);
			runOnlyForDeploymentPostprocessing = 0;
			shellPath = /bin/sh;
			shellScript = "\"${PODS_ROOT}/Target Support Files/Pods-SNSproject/Pods-SNSproject-frameworks.sh\"\n";
			showEnvVarsInLog = 0;
		};
		9213F49C61146008132AA592 /* [CP] Check Pods Manifest.lock */ = {
			isa = PBXShellScriptBuildPhase;
			buildActionMask = 2147483647;
			files = (
			);
			inputFileListPaths = (
			);
			inputPaths = (
				"${PODS_PODFILE_DIR_PATH}/Podfile.lock",
				"${PODS_ROOT}/Manifest.lock",
			);
			name = "[CP] Check Pods Manifest.lock";
			outputFileListPaths = (
			);
			outputPaths = (
				"$(DERIVED_FILE_DIR)/Pods-SNSproject-checkManifestLockResult.txt",
			);
			runOnlyForDeploymentPostprocessing = 0;
			shellPath = /bin/sh;
			shellScript = "diff \"${PODS_PODFILE_DIR_PATH}/Podfile.lock\" \"${PODS_ROOT}/Manifest.lock\" > /dev/null\nif [ $? != 0 ] ; then\n    # print error to STDERR\n    echo \"error: The sandbox is not in sync with the Podfile.lock. Run 'pod install' or update your CocoaPods installation.\" >&2\n    exit 1\nfi\n# This output is used by Xcode 'outputs' to avoid re-running this script phase.\necho \"SUCCESS\" > \"${SCRIPT_OUTPUT_FILE_0}\"\n";
			showEnvVarsInLog = 0;
		};
/* End PBXShellScriptBuildPhase section */

/* Begin PBXSourcesBuildPhase section */
		1D8B89B82A89C11600F11510 /* Sources */ = {
			isa = PBXSourcesBuildPhase;
			buildActionMask = 2147483647;
			files = (
				1D8B89C42A89C11600F11510 /* ViewController.swift in Sources */,
				55D30D722A8A1B8200D84A82 /* AddPostViewController.swift in Sources */,
				1D8B89C02A89C11600F11510 /* AppDelegate.swift in Sources */,
				55D30DA92A8CBEA500D84A82 /* TabBarController.swift in Sources */,
				1D8B89C22A89C11600F11510 /* SceneDelegate.swift in Sources */,
				1D8B89DD2A89F09300F11510 /* MyPageViewController.swift in Sources */,
			);
			runOnlyForDeploymentPostprocessing = 0;
		};
/* End PBXSourcesBuildPhase section */

/* Begin PBXVariantGroup section */
		1D8B89C52A89C11600F11510 /* Main.storyboard */ = {
			isa = PBXVariantGroup;
			children = (
				1D8B89C62A89C11600F11510 /* Base */,
			);
			name = Main.storyboard;
			sourceTree = "<group>";
		};
		1D8B89CA2A89C11700F11510 /* LaunchScreen.storyboard */ = {
			isa = PBXVariantGroup;
			children = (
				1D8B89CB2A89C11700F11510 /* Base */,
			);
			name = LaunchScreen.storyboard;
			sourceTree = "<group>";
		};
/* End PBXVariantGroup section */

/* Begin XCBuildConfiguration section */
		1D8B89CE2A89C11700F11510 /* Debug */ = {
			isa = XCBuildConfiguration;
			buildSettings = {
				ALWAYS_SEARCH_USER_PATHS = NO;
				CLANG_ANALYZER_NONNULL = YES;
				CLANG_ANALYZER_NUMBER_OBJECT_CONVERSION = YES_AGGRESSIVE;
				CLANG_CXX_LANGUAGE_STANDARD = "gnu++20";
				CLANG_ENABLE_MODULES = YES;
				CLANG_ENABLE_OBJC_ARC = YES;
				CLANG_ENABLE_OBJC_WEAK = YES;
				CLANG_WARN_BLOCK_CAPTURE_AUTORELEASING = YES;
				CLANG_WARN_BOOL_CONVERSION = YES;
				CLANG_WARN_COMMA = YES;
				CLANG_WARN_CONSTANT_CONVERSION = YES;
				CLANG_WARN_DEPRECATED_OBJC_IMPLEMENTATIONS = YES;
				CLANG_WARN_DIRECT_OBJC_ISA_USAGE = YES_ERROR;
				CLANG_WARN_DOCUMENTATION_COMMENTS = YES;
				CLANG_WARN_EMPTY_BODY = YES;
				CLANG_WARN_ENUM_CONVERSION = YES;
				CLANG_WARN_INFINITE_RECURSION = YES;
				CLANG_WARN_INT_CONVERSION = YES;
				CLANG_WARN_NON_LITERAL_NULL_CONVERSION = YES;
				CLANG_WARN_OBJC_IMPLICIT_RETAIN_SELF = YES;
				CLANG_WARN_OBJC_LITERAL_CONVERSION = YES;
				CLANG_WARN_OBJC_ROOT_CLASS = YES_ERROR;
				CLANG_WARN_QUOTED_INCLUDE_IN_FRAMEWORK_HEADER = YES;
				CLANG_WARN_RANGE_LOOP_ANALYSIS = YES;
				CLANG_WARN_STRICT_PROTOTYPES = YES;
				CLANG_WARN_SUSPICIOUS_MOVE = YES;
				CLANG_WARN_UNGUARDED_AVAILABILITY = YES_AGGRESSIVE;
				CLANG_WARN_UNREACHABLE_CODE = YES;
				CLANG_WARN__DUPLICATE_METHOD_MATCH = YES;
				COPY_PHASE_STRIP = NO;
				DEBUG_INFORMATION_FORMAT = dwarf;
				ENABLE_STRICT_OBJC_MSGSEND = YES;
				ENABLE_TESTABILITY = YES;
				GCC_C_LANGUAGE_STANDARD = gnu11;
				GCC_DYNAMIC_NO_PIC = NO;
				GCC_NO_COMMON_BLOCKS = YES;
				GCC_OPTIMIZATION_LEVEL = 0;
				GCC_PREPROCESSOR_DEFINITIONS = (
					"DEBUG=1",
					"$(inherited)",
				);
				GCC_WARN_64_TO_32_BIT_CONVERSION = YES;
				GCC_WARN_ABOUT_RETURN_TYPE = YES_ERROR;
				GCC_WARN_UNDECLARED_SELECTOR = YES;
				GCC_WARN_UNINITIALIZED_AUTOS = YES_AGGRESSIVE;
				GCC_WARN_UNUSED_FUNCTION = YES;
				GCC_WARN_UNUSED_VARIABLE = YES;
				IPHONEOS_DEPLOYMENT_TARGET = 16.4;
				MTL_ENABLE_DEBUG_INFO = INCLUDE_SOURCE;
				MTL_FAST_MATH = YES;
				ONLY_ACTIVE_ARCH = YES;
				SDKROOT = iphoneos;
				SWIFT_ACTIVE_COMPILATION_CONDITIONS = DEBUG;
				SWIFT_OPTIMIZATION_LEVEL = "-Onone";
			};
			name = Debug;
		};
		1D8B89CF2A89C11700F11510 /* Release */ = {
			isa = XCBuildConfiguration;
			buildSettings = {
				ALWAYS_SEARCH_USER_PATHS = NO;
				CLANG_ANALYZER_NONNULL = YES;
				CLANG_ANALYZER_NUMBER_OBJECT_CONVERSION = YES_AGGRESSIVE;
				CLANG_CXX_LANGUAGE_STANDARD = "gnu++20";
				CLANG_ENABLE_MODULES = YES;
				CLANG_ENABLE_OBJC_ARC = YES;
				CLANG_ENABLE_OBJC_WEAK = YES;
				CLANG_WARN_BLOCK_CAPTURE_AUTORELEASING = YES;
				CLANG_WARN_BOOL_CONVERSION = YES;
				CLANG_WARN_COMMA = YES;
				CLANG_WARN_CONSTANT_CONVERSION = YES;
				CLANG_WARN_DEPRECATED_OBJC_IMPLEMENTATIONS = YES;
				CLANG_WARN_DIRECT_OBJC_ISA_USAGE = YES_ERROR;
				CLANG_WARN_DOCUMENTATION_COMMENTS = YES;
				CLANG_WARN_EMPTY_BODY = YES;
				CLANG_WARN_ENUM_CONVERSION = YES;
				CLANG_WARN_INFINITE_RECURSION = YES;
				CLANG_WARN_INT_CONVERSION = YES;
				CLANG_WARN_NON_LITERAL_NULL_CONVERSION = YES;
				CLANG_WARN_OBJC_IMPLICIT_RETAIN_SELF = YES;
				CLANG_WARN_OBJC_LITERAL_CONVERSION = YES;
				CLANG_WARN_OBJC_ROOT_CLASS = YES_ERROR;
				CLANG_WARN_QUOTED_INCLUDE_IN_FRAMEWORK_HEADER = YES;
				CLANG_WARN_RANGE_LOOP_ANALYSIS = YES;
				CLANG_WARN_STRICT_PROTOTYPES = YES;
				CLANG_WARN_SUSPICIOUS_MOVE = YES;
				CLANG_WARN_UNGUARDED_AVAILABILITY = YES_AGGRESSIVE;
				CLANG_WARN_UNREACHABLE_CODE = YES;
				CLANG_WARN__DUPLICATE_METHOD_MATCH = YES;
				COPY_PHASE_STRIP = NO;
				DEBUG_INFORMATION_FORMAT = "dwarf-with-dsym";
				ENABLE_NS_ASSERTIONS = NO;
				ENABLE_STRICT_OBJC_MSGSEND = YES;
				GCC_C_LANGUAGE_STANDARD = gnu11;
				GCC_NO_COMMON_BLOCKS = YES;
				GCC_WARN_64_TO_32_BIT_CONVERSION = YES;
				GCC_WARN_ABOUT_RETURN_TYPE = YES_ERROR;
				GCC_WARN_UNDECLARED_SELECTOR = YES;
				GCC_WARN_UNINITIALIZED_AUTOS = YES_AGGRESSIVE;
				GCC_WARN_UNUSED_FUNCTION = YES;
				GCC_WARN_UNUSED_VARIABLE = YES;
				IPHONEOS_DEPLOYMENT_TARGET = 16.4;
				MTL_ENABLE_DEBUG_INFO = NO;
				MTL_FAST_MATH = YES;
				SDKROOT = iphoneos;
				SWIFT_COMPILATION_MODE = wholemodule;
				SWIFT_OPTIMIZATION_LEVEL = "-O";
				VALIDATE_PRODUCT = YES;
			};
			name = Release;
		};
		1D8B89D12A89C11700F11510 /* Debug */ = {
			isa = XCBuildConfiguration;
			baseConfigurationReference = 4839DFA8B6DA99DE77FE6195 /* Pods-SNSproject.debug.xcconfig */;
			buildSettings = {
				ASSETCATALOG_COMPILER_APPICON_NAME = AppIcon;
				ASSETCATALOG_COMPILER_GLOBAL_ACCENT_COLOR_NAME = AccentColor;
				CODE_SIGN_STYLE = Automatic;
				CURRENT_PROJECT_VERSION = 1;
				DEVELOPMENT_TEAM = WVX5V7QT8W;
				GENERATE_INFOPLIST_FILE = YES;
				INFOPLIST_FILE = SNSproject/Info.plist;
				INFOPLIST_KEY_UIApplicationSupportsIndirectInputEvents = YES;
				INFOPLIST_KEY_UILaunchStoryboardName = LaunchScreen;
				INFOPLIST_KEY_UIMainStoryboardFile = Main;
				INFOPLIST_KEY_UISupportedInterfaceOrientations_iPad = "UIInterfaceOrientationPortrait UIInterfaceOrientationPortraitUpsideDown UIInterfaceOrientationLandscapeLeft UIInterfaceOrientationLandscapeRight";
				INFOPLIST_KEY_UISupportedInterfaceOrientations_iPhone = "UIInterfaceOrientationPortrait UIInterfaceOrientationLandscapeLeft UIInterfaceOrientationLandscapeRight";
				IPHONEOS_DEPLOYMENT_TARGET = 15.0;
				LD_RUNPATH_SEARCH_PATHS = (
					"$(inherited)",
					"@executable_path/Frameworks",
				);
				MARKETING_VERSION = 1.0;
				PRODUCT_BUNDLE_IDENTIFIER = "suzzang-g.SNSproject";
				PRODUCT_NAME = "$(TARGET_NAME)";
				SWIFT_EMIT_LOC_STRINGS = YES;
				SWIFT_VERSION = 5.0;
				TARGETED_DEVICE_FAMILY = "1,2";
			};
			name = Debug;
		};
		1D8B89D22A89C11700F11510 /* Release */ = {
			isa = XCBuildConfiguration;
			baseConfigurationReference = B103D12FF071643CD362B967 /* Pods-SNSproject.release.xcconfig */;
			buildSettings = {
				ASSETCATALOG_COMPILER_APPICON_NAME = AppIcon;
				ASSETCATALOG_COMPILER_GLOBAL_ACCENT_COLOR_NAME = AccentColor;
				CODE_SIGN_STYLE = Automatic;
				CURRENT_PROJECT_VERSION = 1;
				DEVELOPMENT_TEAM = WVX5V7QT8W;
				GENERATE_INFOPLIST_FILE = YES;
				INFOPLIST_FILE = SNSproject/Info.plist;
				INFOPLIST_KEY_UIApplicationSupportsIndirectInputEvents = YES;
				INFOPLIST_KEY_UILaunchStoryboardName = LaunchScreen;
				INFOPLIST_KEY_UIMainStoryboardFile = Main;
				INFOPLIST_KEY_UISupportedInterfaceOrientations_iPad = "UIInterfaceOrientationPortrait UIInterfaceOrientationPortraitUpsideDown UIInterfaceOrientationLandscapeLeft UIInterfaceOrientationLandscapeRight";
				INFOPLIST_KEY_UISupportedInterfaceOrientations_iPhone = "UIInterfaceOrientationPortrait UIInterfaceOrientationLandscapeLeft UIInterfaceOrientationLandscapeRight";
				IPHONEOS_DEPLOYMENT_TARGET = 15.0;
				LD_RUNPATH_SEARCH_PATHS = (
					"$(inherited)",
					"@executable_path/Frameworks",
				);
				MARKETING_VERSION = 1.0;
				PRODUCT_BUNDLE_IDENTIFIER = "suzzang-g.SNSproject";
				PRODUCT_NAME = "$(TARGET_NAME)";
				SWIFT_EMIT_LOC_STRINGS = YES;
				SWIFT_VERSION = 5.0;
				TARGETED_DEVICE_FAMILY = "1,2";
			};
			name = Release;
		};
/* End XCBuildConfiguration section */

/* Begin XCConfigurationList section */
		1D8B89B72A89C11600F11510 /* Build configuration list for PBXProject "SNSproject" */ = {
			isa = XCConfigurationList;
			buildConfigurations = (
				1D8B89CE2A89C11700F11510 /* Debug */,
				1D8B89CF2A89C11700F11510 /* Release */,
			);
			defaultConfigurationIsVisible = 0;
			defaultConfigurationName = Release;
		};
		1D8B89D02A89C11700F11510 /* Build configuration list for PBXNativeTarget "SNSproject" */ = {
			isa = XCConfigurationList;
			buildConfigurations = (
				1D8B89D12A89C11700F11510 /* Debug */,
				1D8B89D22A89C11700F11510 /* Release */,
			);
			defaultConfigurationIsVisible = 0;
			defaultConfigurationName = Release;
		};
/* End XCConfigurationList section */

/* Begin XCRemoteSwiftPackageReference section */
		55D30DAA2A8CC0CC00D84A82 /* XCRemoteSwiftPackageReference "YPImagePicker" */ = {
			isa = XCRemoteSwiftPackageReference;
			repositoryURL = "https://github.com/Yummypets/YPImagePicker.git";
			requirement = {
				kind = upToNextMajorVersion;
				minimumVersion = 5.0.0;
			};
		};
/* End XCRemoteSwiftPackageReference section */

/* Begin XCSwiftPackageProductDependency section */
		55D30DAB2A8CC0CC00D84A82 /* YPImagePicker */ = {
			isa = XCSwiftPackageProductDependency;
			package = 55D30DAA2A8CC0CC00D84A82 /* XCRemoteSwiftPackageReference "YPImagePicker" */;
			productName = YPImagePicker;
		};
/* End XCSwiftPackageProductDependency section */
	};
	rootObject = 1D8B89B42A89C11600F11510 /* Project object */;
}
